{
  "version": 4,
  "terraform_version": "1.1.0",
  "serial": 28,
  "lineage": "28f4d636-d23f-e072-8a57-d818ca4679fe",
  "outputs": {},
  "resources": [
    {
      "module": "module.RG",
      "mode": "managed",
      "type": "azurerm_resource_group",
      "name": "example",
      "provider": "provider[\"registry.terraform.io/hashicorp/azurerm\"]",
      "instances": [
        {
          "schema_version": 0,
          "attributes": {
            "id": "/subscriptions/f510d486-a17f-44f2-a1c4-63a7186e923c/resourceGroups/tfrg",
            "location": "eastus2",
            "managed_by": "",
            "name": "tfrg",
            "tags": {},
            "timeouts": null
          },
          "sensitive_attributes": [],
          "private": "eyJlMmJmYjczMC1lY2FhLTExZTYtOGY4OC0zNDM2M2JjN2M0YzAiOnsiY3JlYXRlIjo1NDAwMDAwMDAwMDAwLCJkZWxldGUiOjU0MDAwMDAwMDAwMDAsInJlYWQiOjMwMDAwMDAwMDAwMCwidXBkYXRlIjo1NDAwMDAwMDAwMDAwfX0="
        }
      ]
    },
    {
      "module": "module.key_vault",
      "mode": "data",
      "type": "azurerm_client_config",
      "name": "current",
      "provider": "provider[\"registry.terraform.io/hashicorp/azurerm\"]",
      "instances": [
        {
          "schema_version": 0,
          "attributes": {
            "client_id": "04b07795-8ddb-461a-bbee-02f9e1bf7b46",
            "id": "Y2xpZW50Q29uZmlncy9jbGllbnRJZD0wNGIwNzc5NS04ZGRiLTQ2MWEtYmJlZS0wMmY5ZTFiZjdiNDY7b2JqZWN0SWQ9YjY0MGZkMjktOTllYS00NzY4LWFhYmEtOTdiMjUzY2Y1Yzc4O3N1YnNjcmlwdGlvbklkPWY1MTBkNDg2LWExN2YtNDRmMi1hMWM0LTYzYTcxODZlOTIzYzt0ZW5hbnRJZD1hMjQzM2MwMi0wNTg4LTRlY2EtYjE2OC00N2RjN2MxNmY3OTA=",
            "object_id": "b640fd29-99ea-4768-aaba-97b253cf5c78",
            "subscription_id": "f510d486-a17f-44f2-a1c4-63a7186e923c",
            "tenant_id": "a2433c02-0588-4eca-b168-47dc7c16f790",
            "timeouts": null
          },
          "sensitive_attributes": []
        }
      ]
    },
    {
      "module": "module.key_vault",
      "mode": "managed",
      "type": "azurerm_key_vault",
      "name": "example",
      "provider": "provider[\"registry.terraform.io/hashicorp/azurerm\"]",
      "instances": [
        {
          "schema_version": 2,
          "attributes": {
            "access_policy": [
              {
                "application_id": "",
                "certificate_permissions": [],
                "key_permissions": [
                  "Get",
                  "List"
                ],
                "object_id": "b640fd29-99ea-4768-aaba-97b253cf5c78",
                "secret_permissions": [
                  "Get",
                  "List",
                  "Set",
                  "Purge",
                  "Delete",
                  "Recover"
                ],
                "storage_permissions": [
                  "Get",
                  "List"
                ],
                "tenant_id": "a2433c02-0588-4eca-b168-47dc7c16f790"
              }
            ],
            "contact": [],
            "enable_rbac_authorization": false,
            "enabled_for_deployment": false,
            "enabled_for_disk_encryption": true,
            "enabled_for_template_deployment": false,
            "id": "/subscriptions/f510d486-a17f-44f2-a1c4-63a7186e923c/resourceGroups/tfrg/providers/Microsoft.KeyVault/vaults/staticwebappkv",
            "location": "eastus2",
            "name": "staticwebappkv",
            "network_acls": [
              {
                "bypass": "AzureServices",
                "default_action": "Allow",
                "ip_rules": [],
                "virtual_network_subnet_ids": []
              }
            ],
            "public_network_access_enabled": true,
            "purge_protection_enabled": false,
            "resource_group_name": "tfrg",
            "sku_name": "standard",
            "soft_delete_retention_days": 7,
            "tags": {},
            "tenant_id": "a2433c02-0588-4eca-b168-47dc7c16f790",
            "timeouts": null,
            "vault_uri": "https://staticwebappkv.vault.azure.net/"
          },
          "sensitive_attributes": [],
          "private": "eyJlMmJmYjczMC1lY2FhLTExZTYtOGY4OC0zNDM2M2JjN2M0YzAiOnsiY3JlYXRlIjoxODAwMDAwMDAwMDAwLCJkZWxldGUiOjE4MDAwMDAwMDAwMDAsInJlYWQiOjMwMDAwMDAwMDAwMCwidXBkYXRlIjoxODAwMDAwMDAwMDAwfSwic2NoZW1hX3ZlcnNpb24iOiIyIn0=",
          "dependencies": [
            "module.RG.azurerm_resource_group.example",
            "module.key_vault.data.azurerm_client_config.current"
          ]
        }
      ]
    },
    {
      "module": "module.key_vault",
      "mode": "managed",
      "type": "azurerm_key_vault_secret",
      "name": "example",
      "provider": "provider[\"registry.terraform.io/hashicorp/azurerm\"]",
      "instances": [
        {
          "schema_version": 0,
          "attributes": {
            "content_type": "",
            "expiration_date": null,
            "id": "https://staticwebappkv.vault.azure.net/secrets/deploymentkey/c7b21a9467b84aea809325eaa07fa729",
            "key_vault_id": "/subscriptions/f510d486-a17f-44f2-a1c4-63a7186e923c/resourceGroups/tfrg/providers/Microsoft.KeyVault/vaults/staticwebappkv",
            "name": "deploymentkey",
            "not_before_date": null,
            "resource_id": "/subscriptions/f510d486-a17f-44f2-a1c4-63a7186e923c/resourceGroups/tfrg/providers/Microsoft.KeyVault/vaults/staticwebappkv/secrets/deploymentkey/versions/c7b21a9467b84aea809325eaa07fa729",
            "resource_versionless_id": "/subscriptions/f510d486-a17f-44f2-a1c4-63a7186e923c/resourceGroups/tfrg/providers/Microsoft.KeyVault/vaults/staticwebappkv/secrets/deploymentkey",
            "tags": {},
            "timeouts": null,
            "value": "983924150193e031f60aff00c8444ca638183689f0d21d3429ba8151b7a5a89b4-5c9976bd-aa0e-411e-82cc-9a2c5df031b200f147093",
            "version": "c7b21a9467b84aea809325eaa07fa729",
            "versionless_id": "https://staticwebappkv.vault.azure.net/secrets/deploymentkey"
          },
          "sensitive_attributes": [
            [
              {
                "type": "get_attr",
                "value": "value"
              }
            ]
          ],
          "private": "eyJlMmJmYjczMC1lY2FhLTExZTYtOGY4OC0zNDM2M2JjN2M0YzAiOnsiY3JlYXRlIjoxODAwMDAwMDAwMDAwLCJkZWxldGUiOjE4MDAwMDAwMDAwMDAsInJlYWQiOjE4MDAwMDAwMDAwMDAsInVwZGF0ZSI6MTgwMDAwMDAwMDAwMH19",
          "dependencies": [
            "module.key_vault.azurerm_key_vault.example",
            "module.key_vault.data.azurerm_client_config.current",
            "module.static_site.azurerm_static_site.example",
            "module.RG.azurerm_resource_group.example"
          ]
        }
      ]
    },
    {
      "module": "module.static_site",
      "mode": "managed",
      "type": "azurerm_static_site",
      "name": "example",
      "provider": "provider[\"registry.terraform.io/hashicorp/azurerm\"]",
      "instances": [
        {
          "schema_version": 0,
          "attributes": {
            "api_key": "983924150193e031f60aff00c8444ca638183689f0d21d3429ba8151b7a5a89b4-5c9976bd-aa0e-411e-82cc-9a2c5df031b200f147093",
            "app_settings": {},
            "default_host_name": "green-field-0f788ba0f.4.azurestaticapps.net",
            "id": "/subscriptions/f510d486-a17f-44f2-a1c4-63a7186e923c/resourceGroups/tfrg/providers/Microsoft.Web/staticSites/mfstaticwebapp",
            "identity": [],
            "location": "eastus2",
            "name": "mfstaticwebapp",
            "resource_group_name": "tfrg",
            "sku_size": "Free",
            "sku_tier": "Free",
            "tags": {},
            "timeouts": null
          },
          "sensitive_attributes": [],
          "private": "eyJlMmJmYjczMC1lY2FhLTExZTYtOGY4OC0zNDM2M2JjN2M0YzAiOnsiY3JlYXRlIjoxODAwMDAwMDAwMDAwLCJkZWxldGUiOjE4MDAwMDAwMDAwMDAsInJlYWQiOjMwMDAwMDAwMDAwMCwidXBkYXRlIjoxODAwMDAwMDAwMDAwfX0=",
          "dependencies": [
            "module.RG.azurerm_resource_group.example"
          ]
        }
      ]
    }
  ]
}
